{
  "nodes": {
    "nixos-2305": {
      "locked": {
        "lastModified": 1701301286,
        "narHash": "sha256-fmj0k1x/TGHuCxiG6Gjc4I91VfvzVYBlUxpbR8jX7CA=",
        "owner": "NixOS",
        "repo": "nixpkgs",
        "rev": "f237a187117e1fd4cd780cfc25fd78f7f9a3e3cf",
        "type": "github"
      },
      "original": {
        "owner": "NixOS",
        "ref": "release-23.05",
        "repo": "nixpkgs",
        "type": "github"
      }
    },
    "nixos-unstable": {
      "locked": {
        "lastModified": 1701239926,
        "narHash": "sha256-k5R3QQJMGU11nhTPctbpqWenAkRnqngH5VnGMQCtHyg=",
        "owner": "NixOS",
        "repo": "nixpkgs",
        "rev": "e2fa3d60550627938495aa368a1d4635c9cf64ff",
        "type": "github"
      },
      "original": {
        "owner": "NixOS",
        "ref": "nixos-unstable-small",
        "repo": "nixpkgs",
        "type": "github"
      }
    },
    "root": {
      "inputs": {
        "nixos-2305": "nixos-2305",
        "nixos-unstable": "nixos-unstable"
      }
    }
  },
  "root": "root",
  "version": 7
}
