{
  "nodes": {
    "nixos-2211": {
      "locked": {
        "lastModified": 1680478716,
        "narHash": "sha256-0S93cI6mEeW29aOOlWkKKEItZE0Nw6SbRffxtP4MdkU=",
        "owner": "NixOS",
        "repo": "nixpkgs",
        "rev": "6cefdd22c695df14ee2a638cb44919d8a9903ec3",
        "type": "github"
      },
      "original": {
        "owner": "NixOS",
        "ref": "release-22.11",
        "repo": "nixpkgs",
        "type": "github"
      }
    },
    "nixos-unstable": {
      "locked": {
        "lastModified": 1680450296,
        "narHash": "sha256-4SJqREZkmyQufQcudS+j0WqsHeRDE6jyFw6l6QcrMrE=",
        "owner": "NixOS",
        "repo": "nixpkgs",
        "rev": "cd9eead62d1cb6dd692cd87c209e0bc48f733669",
        "type": "github"
      },
      "original": {
        "owner": "NixOS",
        "ref": "nixos-unstable-small",
        "repo": "nixpkgs",
        "type": "github"
      }
    },
    "root": {
      "inputs": {
        "nixos-2211": "nixos-2211",
        "nixos-unstable": "nixos-unstable"
      }
    }
  },
  "root": "root",
  "version": 7
}
