{
  "nodes": {
    "nixos-2305": {
      "locked": {
        "lastModified": 1686450428,
        "narHash": "sha256-gqTXHowo0x803v93Kb8RW2wCjcYn9mqT1gk+zlyyQgY=",
        "owner": "NixOS",
        "repo": "nixpkgs",
        "rev": "067a81a6859a020135a73fcbb7b16e9fb43dc435",
        "type": "github"
      },
      "original": {
        "owner": "NixOS",
        "ref": "release-23.05",
        "repo": "nixpkgs",
        "type": "github"
      }
    },
    "nixos-unstable": {
      "locked": {
        "lastModified": 1686131476,
        "narHash": "sha256-d/VZjsgW7dBwqN77EcQ4HqQifpATkT5WnCvYbovIhf0=",
        "owner": "NixOS",
        "repo": "nixpkgs",
        "rev": "32d8e07a8ea673bc9b8c0f8106fb0b776c6ea6a8",
        "type": "github"
      },
      "original": {
        "owner": "NixOS",
        "ref": "nixos-unstable-small",
        "repo": "nixpkgs",
        "type": "github"
      }
    },
    "root": {
      "inputs": {
        "nixos-2305": "nixos-2305",
        "nixos-unstable": "nixos-unstable"
      }
    }
  },
  "root": "root",
  "version": 7
}
